
Microsoft Visual Studio Solution File, Format Version 12.00
# Visual Studio Version 16
VisualStudioVersion = 16.0.30711.63
MinimumVisualStudioVersion = 10.0.40219.1
Project("{FAE04EC0-301F-11D3-BF4B-00C04F79EFBC}") = "ProductReviewManagement", "ProductReviewManagement\ProductReviewManagement.csproj", "{2A408C4E-EACF-4F28-9609-76FAC5D92280}"
EndProject
Global
	GlobalSection(SolutionConfigurationPlatforms) = preSolution
		Debug|Any CPU = Debug|Any CPU
		Release|Any CPU = Release|Any CPU
	EndGlobalSection
	GlobalSection(ProjectConfigurationPlatforms) = postSolution
		{2A408C4E-EACF-4F28-9609-76FAC5D92280}.Debug|Any CPU.ActiveCfg = Debug|Any CPU
		{2A408C4E-EACF-4F28-9609-76FAC5D92280}.Debug|Any CPU.Build.0 = Debug|Any CPU
		{2A408C4E-EACF-4F28-9609-76FAC5D92280}.Release|Any CPU.ActiveCfg = Release|Any CPU
		{2A408C4E-EACF-4F28-9609-76FAC5D92280}.Release|Any CPU.Build.0 = Release|Any CPU
	EndGlobalSection
	GlobalSection(SolutionProperties) = preSolution
		HideSolutionNode = FALSE
	EndGlobalSection
	GlobalSection(ExtensibilityGlobals) = postSolution
		SolutionGuid = {1A2BF005-768A-493E-948E-0E75B66AB1C6}
	EndGlobalSection
EndGlobal
